
Microsoft Visual Studio Solution File, Format Version 12.00
Project("{FAE04EC0-301F-11D3-BF4B-00C04F79EFBC}") = "MontyHallKata", "MontyHallKata\MontyHallKata.csproj", "{2471D2A1-0917-423E-BD36-51908041E62F}"
EndProject
Project("{FAE04EC0-301F-11D3-BF4B-00C04F79EFBC}") = "MontyHallTest", "MontyHallTest\MontyHallTest.csproj", "{3FA29FDA-8733-488D-A09F-92EC317D5566}"
EndProject
Global
	GlobalSection(SolutionConfigurationPlatforms) = preSolution
		Debug|Any CPU = Debug|Any CPU
		Release|Any CPU = Release|Any CPU
	EndGlobalSection
	GlobalSection(ProjectConfigurationPlatforms) = postSolution
		{2471D2A1-0917-423E-BD36-51908041E62F}.Debug|Any CPU.ActiveCfg = Debug|Any CPU
		{2471D2A1-0917-423E-BD36-51908041E62F}.Debug|Any CPU.Build.0 = Debug|Any CPU
		{2471D2A1-0917-423E-BD36-51908041E62F}.Release|Any CPU.ActiveCfg = Release|Any CPU
		{2471D2A1-0917-423E-BD36-51908041E62F}.Release|Any CPU.Build.0 = Release|Any CPU
		{3FA29FDA-8733-488D-A09F-92EC317D5566}.Debug|Any CPU.ActiveCfg = Debug|Any CPU
		{3FA29FDA-8733-488D-A09F-92EC317D5566}.Debug|Any CPU.Build.0 = Debug|Any CPU
		{3FA29FDA-8733-488D-A09F-92EC317D5566}.Release|Any CPU.ActiveCfg = Release|Any CPU
		{3FA29FDA-8733-488D-A09F-92EC317D5566}.Release|Any CPU.Build.0 = Release|Any CPU
	EndGlobalSection
EndGlobal
