
Microsoft Visual Studio Solution File, Format Version 12.00
Project("{FAE04EC0-301F-11D3-BF4B-00C04F79EFBC}") = "MontyHallTests", "MontyHallTests\MontyHallTests.csproj", "{B95847FD-2894-48CC-B974-A3B09BB449C3}"
EndProject
Project("{FAE04EC0-301F-11D3-BF4B-00C04F79EFBC}") = "MontyHallProblem", "MontyHallProblem\MontyHallProblem.csproj", "{D2A6575E-725E-45B6-8095-A128606AF7C7}"
EndProject
Global
	GlobalSection(SolutionConfigurationPlatforms) = preSolution
		Debug|Any CPU = Debug|Any CPU
		Release|Any CPU = Release|Any CPU
	EndGlobalSection
	GlobalSection(ProjectConfigurationPlatforms) = postSolution
		{B95847FD-2894-48CC-B974-A3B09BB449C3}.Debug|Any CPU.ActiveCfg = Debug|Any CPU
		{B95847FD-2894-48CC-B974-A3B09BB449C3}.Debug|Any CPU.Build.0 = Debug|Any CPU
		{B95847FD-2894-48CC-B974-A3B09BB449C3}.Release|Any CPU.ActiveCfg = Release|Any CPU
		{B95847FD-2894-48CC-B974-A3B09BB449C3}.Release|Any CPU.Build.0 = Release|Any CPU
		{D2A6575E-725E-45B6-8095-A128606AF7C7}.Debug|Any CPU.ActiveCfg = Debug|Any CPU
		{D2A6575E-725E-45B6-8095-A128606AF7C7}.Debug|Any CPU.Build.0 = Debug|Any CPU
		{D2A6575E-725E-45B6-8095-A128606AF7C7}.Release|Any CPU.ActiveCfg = Release|Any CPU
		{D2A6575E-725E-45B6-8095-A128606AF7C7}.Release|Any CPU.Build.0 = Release|Any CPU
	EndGlobalSection
EndGlobal
